
Microsoft Visual Studio Solution File, Format Version 12.00
# Visual Studio Version 17
VisualStudioVersion = 17.12.35506.116 d17.12
MinimumVisualStudioVersion = 10.0.40219.1
Project("{FAE04EC0-301F-11D3-BF4B-00C04F79EFBC}") = "KeycloackWebApi", "KeycloackWebApi\KeycloackWebApi.csproj", "{FBCCAE7E-72DA-4AB6-A909-9EFE83115AEC}"
EndProject
Global
	GlobalSection(SolutionConfigurationPlatforms) = preSolution
		Debug|Any CPU = Debug|Any CPU
		Release|Any CPU = Release|Any CPU
	EndGlobalSection
	GlobalSection(ProjectConfigurationPlatforms) = postSolution
		{FBCCAE7E-72DA-4AB6-A909-9EFE83115AEC}.Debug|Any CPU.ActiveCfg = Debug|Any CPU
		{FBCCAE7E-72DA-4AB6-A909-9EFE83115AEC}.Debug|Any CPU.Build.0 = Debug|Any CPU
		{FBCCAE7E-72DA-4AB6-A909-9EFE83115AEC}.Release|Any CPU.ActiveCfg = Release|Any CPU
		{FBCCAE7E-72DA-4AB6-A909-9EFE83115AEC}.Release|Any CPU.Build.0 = Release|Any CPU
	EndGlobalSection
	GlobalSection(SolutionProperties) = preSolution
		HideSolutionNode = FALSE
	EndGlobalSection
EndGlobal
